
Microsoft Visual Studio Solution File, Format Version 12.00
# Visual Studio Version 16
VisualStudioVersion = 16.0.30717.126
MinimumVisualStudioVersion = 10.0.40219.1
Project("{FAE04EC0-301F-11D3-BF4B-00C04F79EFBC}") = "AptekaTests", "AptekaTests\AptekaTests.csproj", "{E98DB0F6-34F9-4FEE-8112-8710C0AA4255}"
EndProject
Project("{FAE04EC0-301F-11D3-BF4B-00C04F79EFBC}") = "AptekaTestsUnit", "ФзеулфЕуыеГтше\AptekaTestsUnit.csproj", "{CBA850AD-A793-4BDD-ABD0-A5F1541EF614}"
EndProject
Global
	GlobalSection(SolutionConfigurationPlatforms) = preSolution
		Debug|Any CPU = Debug|Any CPU
		Release|Any CPU = Release|Any CPU
	EndGlobalSection
	GlobalSection(ProjectConfigurationPlatforms) = postSolution
		{E98DB0F6-34F9-4FEE-8112-8710C0AA4255}.Debug|Any CPU.ActiveCfg = Debug|Any CPU
		{E98DB0F6-34F9-4FEE-8112-8710C0AA4255}.Debug|Any CPU.Build.0 = Debug|Any CPU
		{E98DB0F6-34F9-4FEE-8112-8710C0AA4255}.Release|Any CPU.ActiveCfg = Release|Any CPU
		{E98DB0F6-34F9-4FEE-8112-8710C0AA4255}.Release|Any CPU.Build.0 = Release|Any CPU
		{CBA850AD-A793-4BDD-ABD0-A5F1541EF614}.Debug|Any CPU.ActiveCfg = Debug|Any CPU
		{CBA850AD-A793-4BDD-ABD0-A5F1541EF614}.Debug|Any CPU.Build.0 = Debug|Any CPU
		{CBA850AD-A793-4BDD-ABD0-A5F1541EF614}.Release|Any CPU.ActiveCfg = Release|Any CPU
		{CBA850AD-A793-4BDD-ABD0-A5F1541EF614}.Release|Any CPU.Build.0 = Release|Any CPU
	EndGlobalSection
	GlobalSection(SolutionProperties) = preSolution
		HideSolutionNode = FALSE
	EndGlobalSection
	GlobalSection(ExtensibilityGlobals) = postSolution
		SolutionGuid = {E75DC535-D3B8-490E-BBE0-93E2D841A6E8}
	EndGlobalSection
EndGlobal
